
Microsoft Visual Studio Solution File, Format Version 12.00
# Visual Studio Version 17
VisualStudioVersion = 17.0.31912.275
MinimumVisualStudioVersion = 10.0.40219.1
Project("{9A19103F-16F7-4668-BE54-9A1E7A4F7556}") = "Nexar.Renderer", "Nexar.Renderer\Nexar.Renderer.csproj", "{8B2D0E95-717C-484F-B111-CB5A6B37EEAA}"
EndProject
Project("{9A19103F-16F7-4668-BE54-9A1E7A4F7556}") = "OpenTK.WinForms", "..\OpenTK.WinForms\OpenTK.WinForms.csproj", "{CFBFBEF0-4344-4FC7-8C9A-4E3C7A490A9B}"
EndProject
Project("{9A19103F-16F7-4668-BE54-9A1E7A4F7556}") = "Nexar.Client", "..\Nexar.Client\Nexar.Client.csproj", "{D09E3FEB-DBBD-413A-A4C8-E0E7456C9010}"
EndProject
Project("{9A19103F-16F7-4668-BE54-9A1E7A4F7556}") = "SharpGLTF.Core", "..\SharpGLTF\SharpGLTF.Core\SharpGLTF.Core.csproj", "{86B7ADB0-7361-4EF6-BE07-3EE430761C7A}"
EndProject
Project("{9A19103F-16F7-4668-BE54-9A1E7A4F7556}") = "SharpGLTF.Toolkit", "..\SharpGLTF\SharpGLTF.Toolkit\SharpGLTF.Toolkit.csproj", "{0FEF8EC2-C87A-4BAB-96DE-61F87736C425}"
EndProject
Project("{9A19103F-16F7-4668-BE54-9A1E7A4F7556}") = "SharpGLTF.CodeGen", "..\SharpGLTF\Build\SharpGLTF.CodeGen\SharpGLTF.CodeGen.csproj", "{DED0905B-5B8E-494F-952F-52A9A5F15E36}"
EndProject
Project("{2150E333-8FDC-42A3-9474-1A3956D46DE8}") = "Build", "Build", "{22621DE3-446B-4E78-80F5-AF57ECE04BBF}"
	ProjectSection(SolutionItems) = preProject
		..\SharpGLTF\Build\Directory.Build.props = ..\SharpGLTF\Build\Directory.Build.props
	EndProjectSection
EndProject
Global
	GlobalSection(SolutionConfigurationPlatforms) = preSolution
		Debug|Any CPU = Debug|Any CPU
		Debug|x86 = Debug|x86
		Release|Any CPU = Release|Any CPU
		Release|x86 = Release|x86
	EndGlobalSection
	GlobalSection(ProjectConfigurationPlatforms) = postSolution
		{8B2D0E95-717C-484F-B111-CB5A6B37EEAA}.Debug|Any CPU.ActiveCfg = Debug|Any CPU
		{8B2D0E95-717C-484F-B111-CB5A6B37EEAA}.Debug|Any CPU.Build.0 = Debug|Any CPU
		{8B2D0E95-717C-484F-B111-CB5A6B37EEAA}.Debug|x86.ActiveCfg = Debug|Any CPU
		{8B2D0E95-717C-484F-B111-CB5A6B37EEAA}.Debug|x86.Build.0 = Debug|Any CPU
		{8B2D0E95-717C-484F-B111-CB5A6B37EEAA}.Release|Any CPU.ActiveCfg = Release|Any CPU
		{8B2D0E95-717C-484F-B111-CB5A6B37EEAA}.Release|Any CPU.Build.0 = Release|Any CPU
		{8B2D0E95-717C-484F-B111-CB5A6B37EEAA}.Release|x86.ActiveCfg = Release|Any CPU
		{8B2D0E95-717C-484F-B111-CB5A6B37EEAA}.Release|x86.Build.0 = Release|Any CPU
		{CFBFBEF0-4344-4FC7-8C9A-4E3C7A490A9B}.Debug|Any CPU.ActiveCfg = Debug|Any CPU
		{CFBFBEF0-4344-4FC7-8C9A-4E3C7A490A9B}.Debug|Any CPU.Build.0 = Debug|Any CPU
		{CFBFBEF0-4344-4FC7-8C9A-4E3C7A490A9B}.Debug|x86.ActiveCfg = Debug|Any CPU
		{CFBFBEF0-4344-4FC7-8C9A-4E3C7A490A9B}.Debug|x86.Build.0 = Debug|Any CPU
		{CFBFBEF0-4344-4FC7-8C9A-4E3C7A490A9B}.Release|Any CPU.ActiveCfg = Release|Any CPU
		{CFBFBEF0-4344-4FC7-8C9A-4E3C7A490A9B}.Release|Any CPU.Build.0 = Release|Any CPU
		{CFBFBEF0-4344-4FC7-8C9A-4E3C7A490A9B}.Release|x86.ActiveCfg = Release|Any CPU
		{CFBFBEF0-4344-4FC7-8C9A-4E3C7A490A9B}.Release|x86.Build.0 = Release|Any CPU
		{D09E3FEB-DBBD-413A-A4C8-E0E7456C9010}.Debug|Any CPU.ActiveCfg = Debug|Any CPU
		{D09E3FEB-DBBD-413A-A4C8-E0E7456C9010}.Debug|Any CPU.Build.0 = Debug|Any CPU
		{D09E3FEB-DBBD-413A-A4C8-E0E7456C9010}.Debug|x86.ActiveCfg = Debug|Any CPU
		{D09E3FEB-DBBD-413A-A4C8-E0E7456C9010}.Debug|x86.Build.0 = Debug|Any CPU
		{D09E3FEB-DBBD-413A-A4C8-E0E7456C9010}.Release|Any CPU.ActiveCfg = Release|Any CPU
		{D09E3FEB-DBBD-413A-A4C8-E0E7456C9010}.Release|Any CPU.Build.0 = Release|Any CPU
		{D09E3FEB-DBBD-413A-A4C8-E0E7456C9010}.Release|x86.ActiveCfg = Release|Any CPU
		{D09E3FEB-DBBD-413A-A4C8-E0E7456C9010}.Release|x86.Build.0 = Release|Any CPU
		{86B7ADB0-7361-4EF6-BE07-3EE430761C7A}.Debug|Any CPU.ActiveCfg = Debug|Any CPU
		{86B7ADB0-7361-4EF6-BE07-3EE430761C7A}.Debug|Any CPU.Build.0 = Debug|Any CPU
		{86B7ADB0-7361-4EF6-BE07-3EE430761C7A}.Debug|x86.ActiveCfg = Debug|Any CPU
		{86B7ADB0-7361-4EF6-BE07-3EE430761C7A}.Debug|x86.Build.0 = Debug|Any CPU
		{86B7ADB0-7361-4EF6-BE07-3EE430761C7A}.Release|Any CPU.ActiveCfg = Release|Any CPU
		{86B7ADB0-7361-4EF6-BE07-3EE430761C7A}.Release|Any CPU.Build.0 = Release|Any CPU
		{86B7ADB0-7361-4EF6-BE07-3EE430761C7A}.Release|x86.ActiveCfg = Release|Any CPU
		{86B7ADB0-7361-4EF6-BE07-3EE430761C7A}.Release|x86.Build.0 = Release|Any CPU
		{0FEF8EC2-C87A-4BAB-96DE-61F87736C425}.Debug|Any CPU.ActiveCfg = Debug|Any CPU
		{0FEF8EC2-C87A-4BAB-96DE-61F87736C425}.Debug|Any CPU.Build.0 = Debug|Any CPU
		{0FEF8EC2-C87A-4BAB-96DE-61F87736C425}.Debug|x86.ActiveCfg = Debug|Any CPU
		{0FEF8EC2-C87A-4BAB-96DE-61F87736C425}.Debug|x86.Build.0 = Debug|Any CPU
		{0FEF8EC2-C87A-4BAB-96DE-61F87736C425}.Release|Any CPU.ActiveCfg = Release|Any CPU
		{0FEF8EC2-C87A-4BAB-96DE-61F87736C425}.Release|Any CPU.Build.0 = Release|Any CPU
		{0FEF8EC2-C87A-4BAB-96DE-61F87736C425}.Release|x86.ActiveCfg = Release|Any CPU
		{0FEF8EC2-C87A-4BAB-96DE-61F87736C425}.Release|x86.Build.0 = Release|Any CPU
		{DED0905B-5B8E-494F-952F-52A9A5F15E36}.Debug|Any CPU.ActiveCfg = Debug|Any CPU
		{DED0905B-5B8E-494F-952F-52A9A5F15E36}.Debug|Any CPU.Build.0 = Debug|Any CPU
		{DED0905B-5B8E-494F-952F-52A9A5F15E36}.Debug|x86.ActiveCfg = Debug|Any CPU
		{DED0905B-5B8E-494F-952F-52A9A5F15E36}.Debug|x86.Build.0 = Debug|Any CPU
		{DED0905B-5B8E-494F-952F-52A9A5F15E36}.Release|Any CPU.ActiveCfg = Release|Any CPU
		{DED0905B-5B8E-494F-952F-52A9A5F15E36}.Release|Any CPU.Build.0 = Release|Any CPU
		{DED0905B-5B8E-494F-952F-52A9A5F15E36}.Release|x86.ActiveCfg = Release|Any CPU
		{DED0905B-5B8E-494F-952F-52A9A5F15E36}.Release|x86.Build.0 = Release|Any CPU
	EndGlobalSection
	GlobalSection(SolutionProperties) = preSolution
		HideSolutionNode = FALSE
	EndGlobalSection
	GlobalSection(NestedProjects) = preSolution
		{DED0905B-5B8E-494F-952F-52A9A5F15E36} = {22621DE3-446B-4E78-80F5-AF57ECE04BBF}
	EndGlobalSection
	GlobalSection(ExtensibilityGlobals) = postSolution
		SolutionGuid = {14283E7D-5092-411A-B1A6-6BDE15643106}
	EndGlobalSection
EndGlobal
