
Microsoft Visual Studio Solution File, Format Version 12.00
# Visual Studio Version 17
VisualStudioVersion = 17.0.31912.275
MinimumVisualStudioVersion = 10.0.40219.1
Project("{9A19103F-16F7-4668-BE54-9A1E7A4F7556}") = "Nexar.Renderer", "Nexar.Renderer\Nexar.Renderer.csproj", "{8B2D0E95-717C-484F-B111-CB5A6B37EEAA}"
EndProject
Project("{9A19103F-16F7-4668-BE54-9A1E7A4F7556}") = "OpenTK.WinForms", "..\OpenTK.WinForms\OpenTK.WinForms.csproj", "{CFBFBEF0-4344-4FC7-8C9A-4E3C7A490A9B}"
EndProject
Project("{9A19103F-16F7-4668-BE54-9A1E7A4F7556}") = "Nexar.Client", "..\Nexar.Client\Nexar.Client.csproj", "{D09E3FEB-DBBD-413A-A4C8-E0E7456C9010}"
EndProject
Project("{9A19103F-16F7-4668-BE54-9A1E7A4F7556}") = "SharpGLTF.Toolkit", "SharpGLTF.Toolkit\SharpGLTF.Toolkit.csproj", "{01C4E5E0-4FF3-4328-88D7-16D11E4E3DC9}"
EndProject
Project("{9A19103F-16F7-4668-BE54-9A1E7A4F7556}") = "SharpGLTF.Core", "SharpGLTF.Core\SharpGLTF.Core.csproj", "{BB5CE8BA-D567-4A46-8FD2-A99D8A435C32}"
EndProject
Global
	GlobalSection(SolutionConfigurationPlatforms) = preSolution
		Debug|Any CPU = Debug|Any CPU
		Debug|x86 = Debug|x86
		Release|Any CPU = Release|Any CPU
		Release|x86 = Release|x86
	EndGlobalSection
	GlobalSection(ProjectConfigurationPlatforms) = postSolution
		{8B2D0E95-717C-484F-B111-CB5A6B37EEAA}.Debug|Any CPU.ActiveCfg = Debug|Any CPU
		{8B2D0E95-717C-484F-B111-CB5A6B37EEAA}.Debug|Any CPU.Build.0 = Debug|Any CPU
		{8B2D0E95-717C-484F-B111-CB5A6B37EEAA}.Debug|x86.ActiveCfg = Debug|Any CPU
		{8B2D0E95-717C-484F-B111-CB5A6B37EEAA}.Debug|x86.Build.0 = Debug|Any CPU
		{8B2D0E95-717C-484F-B111-CB5A6B37EEAA}.Release|Any CPU.ActiveCfg = Release|Any CPU
		{8B2D0E95-717C-484F-B111-CB5A6B37EEAA}.Release|Any CPU.Build.0 = Release|Any CPU
		{8B2D0E95-717C-484F-B111-CB5A6B37EEAA}.Release|x86.ActiveCfg = Release|Any CPU
		{8B2D0E95-717C-484F-B111-CB5A6B37EEAA}.Release|x86.Build.0 = Release|Any CPU
		{CFBFBEF0-4344-4FC7-8C9A-4E3C7A490A9B}.Debug|Any CPU.ActiveCfg = Debug|Any CPU
		{CFBFBEF0-4344-4FC7-8C9A-4E3C7A490A9B}.Debug|Any CPU.Build.0 = Debug|Any CPU
		{CFBFBEF0-4344-4FC7-8C9A-4E3C7A490A9B}.Debug|x86.ActiveCfg = Debug|Any CPU
		{CFBFBEF0-4344-4FC7-8C9A-4E3C7A490A9B}.Debug|x86.Build.0 = Debug|Any CPU
		{CFBFBEF0-4344-4FC7-8C9A-4E3C7A490A9B}.Release|Any CPU.ActiveCfg = Release|Any CPU
		{CFBFBEF0-4344-4FC7-8C9A-4E3C7A490A9B}.Release|Any CPU.Build.0 = Release|Any CPU
		{CFBFBEF0-4344-4FC7-8C9A-4E3C7A490A9B}.Release|x86.ActiveCfg = Release|Any CPU
		{CFBFBEF0-4344-4FC7-8C9A-4E3C7A490A9B}.Release|x86.Build.0 = Release|Any CPU
		{D09E3FEB-DBBD-413A-A4C8-E0E7456C9010}.Debug|Any CPU.ActiveCfg = Debug|Any CPU
		{D09E3FEB-DBBD-413A-A4C8-E0E7456C9010}.Debug|Any CPU.Build.0 = Debug|Any CPU
		{D09E3FEB-DBBD-413A-A4C8-E0E7456C9010}.Debug|x86.ActiveCfg = Debug|Any CPU
		{D09E3FEB-DBBD-413A-A4C8-E0E7456C9010}.Debug|x86.Build.0 = Debug|Any CPU
		{D09E3FEB-DBBD-413A-A4C8-E0E7456C9010}.Release|Any CPU.ActiveCfg = Release|Any CPU
		{D09E3FEB-DBBD-413A-A4C8-E0E7456C9010}.Release|Any CPU.Build.0 = Release|Any CPU
		{D09E3FEB-DBBD-413A-A4C8-E0E7456C9010}.Release|x86.ActiveCfg = Release|Any CPU
		{D09E3FEB-DBBD-413A-A4C8-E0E7456C9010}.Release|x86.Build.0 = Release|Any CPU
		{01C4E5E0-4FF3-4328-88D7-16D11E4E3DC9}.Debug|Any CPU.ActiveCfg = Debug|Any CPU
		{01C4E5E0-4FF3-4328-88D7-16D11E4E3DC9}.Debug|Any CPU.Build.0 = Debug|Any CPU
		{01C4E5E0-4FF3-4328-88D7-16D11E4E3DC9}.Debug|x86.ActiveCfg = Debug|Any CPU
		{01C4E5E0-4FF3-4328-88D7-16D11E4E3DC9}.Debug|x86.Build.0 = Debug|Any CPU
		{01C4E5E0-4FF3-4328-88D7-16D11E4E3DC9}.Release|Any CPU.ActiveCfg = Release|Any CPU
		{01C4E5E0-4FF3-4328-88D7-16D11E4E3DC9}.Release|Any CPU.Build.0 = Release|Any CPU
		{01C4E5E0-4FF3-4328-88D7-16D11E4E3DC9}.Release|x86.ActiveCfg = Release|Any CPU
		{01C4E5E0-4FF3-4328-88D7-16D11E4E3DC9}.Release|x86.Build.0 = Release|Any CPU
		{BB5CE8BA-D567-4A46-8FD2-A99D8A435C32}.Debug|Any CPU.ActiveCfg = Debug|Any CPU
		{BB5CE8BA-D567-4A46-8FD2-A99D8A435C32}.Debug|Any CPU.Build.0 = Debug|Any CPU
		{BB5CE8BA-D567-4A46-8FD2-A99D8A435C32}.Debug|x86.ActiveCfg = Debug|Any CPU
		{BB5CE8BA-D567-4A46-8FD2-A99D8A435C32}.Debug|x86.Build.0 = Debug|Any CPU
		{BB5CE8BA-D567-4A46-8FD2-A99D8A435C32}.Release|Any CPU.ActiveCfg = Release|Any CPU
		{BB5CE8BA-D567-4A46-8FD2-A99D8A435C32}.Release|Any CPU.Build.0 = Release|Any CPU
		{BB5CE8BA-D567-4A46-8FD2-A99D8A435C32}.Release|x86.ActiveCfg = Release|Any CPU
		{BB5CE8BA-D567-4A46-8FD2-A99D8A435C32}.Release|x86.Build.0 = Release|Any CPU
	EndGlobalSection
	GlobalSection(SolutionProperties) = preSolution
		HideSolutionNode = FALSE
	EndGlobalSection
	GlobalSection(ExtensibilityGlobals) = postSolution
		SolutionGuid = {14283E7D-5092-411A-B1A6-6BDE15643106}
	EndGlobalSection
EndGlobal
